
Microsoft Visual Studio Solution File, Format Version 12.00
# Visual Studio Version 17
VisualStudioVersion = 17.5.33516.290
MinimumVisualStudioVersion = 10.0.40219.1
Project("{8BC9CEB8-8B4A-11D0-8D11-00A0C91BC942}") = "Programming06", "Programming06\Programming06.vcxproj", "{2CA7BD4D-BDA5-414E-AC51-3609BA5C7B79}"
EndProject
Global
	GlobalSection(SolutionConfigurationPlatforms) = preSolution
		Debug|x64 = Debug|x64
		Debug|x86 = Debug|x86
		Release|x64 = Release|x64
		Release|x86 = Release|x86
	EndGlobalSection
	GlobalSection(ProjectConfigurationPlatforms) = postSolution
		{2CA7BD4D-BDA5-414E-AC51-3609BA5C7B79}.Debug|x64.ActiveCfg = Debug|x64
		{2CA7BD4D-BDA5-414E-AC51-3609BA5C7B79}.Debug|x64.Build.0 = Debug|x64
		{2CA7BD4D-BDA5-414E-AC51-3609BA5C7B79}.Debug|x86.ActiveCfg = Debug|Win32
		{2CA7BD4D-BDA5-414E-AC51-3609BA5C7B79}.Debug|x86.Build.0 = Debug|Win32
		{2CA7BD4D-BDA5-414E-AC51-3609BA5C7B79}.Release|x64.ActiveCfg = Release|x64
		{2CA7BD4D-BDA5-414E-AC51-3609BA5C7B79}.Release|x64.Build.0 = Release|x64
		{2CA7BD4D-BDA5-414E-AC51-3609BA5C7B79}.Release|x86.ActiveCfg = Release|Win32
		{2CA7BD4D-BDA5-414E-AC51-3609BA5C7B79}.Release|x86.Build.0 = Release|Win32
	EndGlobalSection
	GlobalSection(SolutionProperties) = preSolution
		HideSolutionNode = FALSE
	EndGlobalSection
	GlobalSection(ExtensibilityGlobals) = postSolution
		SolutionGuid = {84089EA2-C517-4F5D-92D7-7FA8D227DDC4}
	EndGlobalSection
EndGlobal
