
Microsoft Visual Studio Solution File, Format Version 12.00
# Visual Studio Version 17
VisualStudioVersion = 17.5.33516.290
MinimumVisualStudioVersion = 10.0.40219.1
Project("{8BC9CEB8-8B4A-11D0-8D11-00A0C91BC942}") = "programming01", "programming01\programming01.vcxproj", "{85549BED-4E4D-4760-AC17-F1E69B459DDB}"
EndProject
Global
	GlobalSection(SolutionConfigurationPlatforms) = preSolution
		Debug|x64 = Debug|x64
		Debug|x86 = Debug|x86
		Release|x64 = Release|x64
		Release|x86 = Release|x86
	EndGlobalSection
	GlobalSection(ProjectConfigurationPlatforms) = postSolution
		{85549BED-4E4D-4760-AC17-F1E69B459DDB}.Debug|x64.ActiveCfg = Debug|x64
		{85549BED-4E4D-4760-AC17-F1E69B459DDB}.Debug|x64.Build.0 = Debug|x64
		{85549BED-4E4D-4760-AC17-F1E69B459DDB}.Debug|x86.ActiveCfg = Debug|Win32
		{85549BED-4E4D-4760-AC17-F1E69B459DDB}.Debug|x86.Build.0 = Debug|Win32
		{85549BED-4E4D-4760-AC17-F1E69B459DDB}.Release|x64.ActiveCfg = Release|x64
		{85549BED-4E4D-4760-AC17-F1E69B459DDB}.Release|x64.Build.0 = Release|x64
		{85549BED-4E4D-4760-AC17-F1E69B459DDB}.Release|x86.ActiveCfg = Release|Win32
		{85549BED-4E4D-4760-AC17-F1E69B459DDB}.Release|x86.Build.0 = Release|Win32
	EndGlobalSection
	GlobalSection(SolutionProperties) = preSolution
		HideSolutionNode = FALSE
	EndGlobalSection
	GlobalSection(ExtensibilityGlobals) = postSolution
		SolutionGuid = {882ECCAF-6D01-422F-AB0A-263735804216}
	EndGlobalSection
EndGlobal
