
Microsoft Visual Studio Solution File, Format Version 12.00
# Visual Studio Version 17
VisualStudioVersion = 17.5.33516.290
MinimumVisualStudioVersion = 10.0.40219.1
Project("{8BC9CEB8-8B4A-11D0-8D11-00A0C91BC942}") = "system", "system\system.vcxproj", "{38DED141-8064-405C-B7AB-C7FB6D59A5F1}"
EndProject
Global
	GlobalSection(SolutionConfigurationPlatforms) = preSolution
		Debug|x64 = Debug|x64
		Debug|x86 = Debug|x86
		Release|x64 = Release|x64
		Release|x86 = Release|x86
	EndGlobalSection
	GlobalSection(ProjectConfigurationPlatforms) = postSolution
		{38DED141-8064-405C-B7AB-C7FB6D59A5F1}.Debug|x64.ActiveCfg = Debug|x64
		{38DED141-8064-405C-B7AB-C7FB6D59A5F1}.Debug|x64.Build.0 = Debug|x64
		{38DED141-8064-405C-B7AB-C7FB6D59A5F1}.Debug|x86.ActiveCfg = Debug|Win32
		{38DED141-8064-405C-B7AB-C7FB6D59A5F1}.Debug|x86.Build.0 = Debug|Win32
		{38DED141-8064-405C-B7AB-C7FB6D59A5F1}.Release|x64.ActiveCfg = Release|x64
		{38DED141-8064-405C-B7AB-C7FB6D59A5F1}.Release|x64.Build.0 = Release|x64
		{38DED141-8064-405C-B7AB-C7FB6D59A5F1}.Release|x86.ActiveCfg = Release|Win32
		{38DED141-8064-405C-B7AB-C7FB6D59A5F1}.Release|x86.Build.0 = Release|Win32
	EndGlobalSection
	GlobalSection(SolutionProperties) = preSolution
		HideSolutionNode = FALSE
	EndGlobalSection
	GlobalSection(ExtensibilityGlobals) = postSolution
		SolutionGuid = {A1F05505-822A-468A-A87B-4217D397CC2F}
	EndGlobalSection
EndGlobal
