
Microsoft Visual Studio Solution File, Format Version 12.00
# Visual Studio Version 17
VisualStudioVersion = 17.5.33516.290
MinimumVisualStudioVersion = 10.0.40219.1
Project("{8BC9CEB8-8B4A-11D0-8D11-00A0C91BC942}") = "clac1", "clac1\clac1.vcxproj", "{6161C2CA-EF9C-49DF-869F-AAE385C7D4DB}"
EndProject
Global
	GlobalSection(SolutionConfigurationPlatforms) = preSolution
		Debug|x64 = Debug|x64
		Debug|x86 = Debug|x86
		Release|x64 = Release|x64
		Release|x86 = Release|x86
	EndGlobalSection
	GlobalSection(ProjectConfigurationPlatforms) = postSolution
		{6161C2CA-EF9C-49DF-869F-AAE385C7D4DB}.Debug|x64.ActiveCfg = Debug|x64
		{6161C2CA-EF9C-49DF-869F-AAE385C7D4DB}.Debug|x64.Build.0 = Debug|x64
		{6161C2CA-EF9C-49DF-869F-AAE385C7D4DB}.Debug|x86.ActiveCfg = Debug|Win32
		{6161C2CA-EF9C-49DF-869F-AAE385C7D4DB}.Debug|x86.Build.0 = Debug|Win32
		{6161C2CA-EF9C-49DF-869F-AAE385C7D4DB}.Release|x64.ActiveCfg = Release|x64
		{6161C2CA-EF9C-49DF-869F-AAE385C7D4DB}.Release|x64.Build.0 = Release|x64
		{6161C2CA-EF9C-49DF-869F-AAE385C7D4DB}.Release|x86.ActiveCfg = Release|Win32
		{6161C2CA-EF9C-49DF-869F-AAE385C7D4DB}.Release|x86.Build.0 = Release|Win32
	EndGlobalSection
	GlobalSection(SolutionProperties) = preSolution
		HideSolutionNode = FALSE
	EndGlobalSection
	GlobalSection(ExtensibilityGlobals) = postSolution
		SolutionGuid = {D000B0B4-6584-4DA1-8512-0B7F50546598}
	EndGlobalSection
EndGlobal
