
Microsoft Visual Studio Solution File, Format Version 12.00
# Visual Studio Version 17
VisualStudioVersion = 17.5.33516.290
MinimumVisualStudioVersion = 10.0.40219.1
Project("{8BC9CEB8-8B4A-11D0-8D11-00A0C91BC942}") = "Example2-12", "Example2-12\Example2-12.vcxproj", "{8966699A-61FA-4AF6-A5A6-262E098C6CE9}"
EndProject
Global
	GlobalSection(SolutionConfigurationPlatforms) = preSolution
		Debug|x64 = Debug|x64
		Debug|x86 = Debug|x86
		Release|x64 = Release|x64
		Release|x86 = Release|x86
	EndGlobalSection
	GlobalSection(ProjectConfigurationPlatforms) = postSolution
		{8966699A-61FA-4AF6-A5A6-262E098C6CE9}.Debug|x64.ActiveCfg = Debug|x64
		{8966699A-61FA-4AF6-A5A6-262E098C6CE9}.Debug|x64.Build.0 = Debug|x64
		{8966699A-61FA-4AF6-A5A6-262E098C6CE9}.Debug|x86.ActiveCfg = Debug|Win32
		{8966699A-61FA-4AF6-A5A6-262E098C6CE9}.Debug|x86.Build.0 = Debug|Win32
		{8966699A-61FA-4AF6-A5A6-262E098C6CE9}.Release|x64.ActiveCfg = Release|x64
		{8966699A-61FA-4AF6-A5A6-262E098C6CE9}.Release|x64.Build.0 = Release|x64
		{8966699A-61FA-4AF6-A5A6-262E098C6CE9}.Release|x86.ActiveCfg = Release|Win32
		{8966699A-61FA-4AF6-A5A6-262E098C6CE9}.Release|x86.Build.0 = Release|Win32
	EndGlobalSection
	GlobalSection(SolutionProperties) = preSolution
		HideSolutionNode = FALSE
	EndGlobalSection
	GlobalSection(ExtensibilityGlobals) = postSolution
		SolutionGuid = {51848E64-6942-4751-9DB3-D40043F298FF}
	EndGlobalSection
EndGlobal
