
Microsoft Visual Studio Solution File, Format Version 12.00
# Visual Studio Version 17
VisualStudioVersion = 17.7.34018.315
MinimumVisualStudioVersion = 10.0.40219.1
Project("{8BC9CEB8-8B4A-11D0-8D11-00A0C91BC942}") = "Programming05", "Programming05\Programming05.vcxproj", "{AA6314F8-D59B-487D-BF03-DC8BA75CDD3D}"
EndProject
Global
	GlobalSection(SolutionConfigurationPlatforms) = preSolution
		Debug|x64 = Debug|x64
		Debug|x86 = Debug|x86
		Release|x64 = Release|x64
		Release|x86 = Release|x86
	EndGlobalSection
	GlobalSection(ProjectConfigurationPlatforms) = postSolution
		{AA6314F8-D59B-487D-BF03-DC8BA75CDD3D}.Debug|x64.ActiveCfg = Debug|x64
		{AA6314F8-D59B-487D-BF03-DC8BA75CDD3D}.Debug|x64.Build.0 = Debug|x64
		{AA6314F8-D59B-487D-BF03-DC8BA75CDD3D}.Debug|x86.ActiveCfg = Debug|Win32
		{AA6314F8-D59B-487D-BF03-DC8BA75CDD3D}.Debug|x86.Build.0 = Debug|Win32
		{AA6314F8-D59B-487D-BF03-DC8BA75CDD3D}.Release|x64.ActiveCfg = Release|x64
		{AA6314F8-D59B-487D-BF03-DC8BA75CDD3D}.Release|x64.Build.0 = Release|x64
		{AA6314F8-D59B-487D-BF03-DC8BA75CDD3D}.Release|x86.ActiveCfg = Release|Win32
		{AA6314F8-D59B-487D-BF03-DC8BA75CDD3D}.Release|x86.Build.0 = Release|Win32
	EndGlobalSection
	GlobalSection(SolutionProperties) = preSolution
		HideSolutionNode = FALSE
	EndGlobalSection
	GlobalSection(ExtensibilityGlobals) = postSolution
		SolutionGuid = {CF3BD43E-290C-4DCA-A5EF-5F3CF9A94571}
	EndGlobalSection
EndGlobal
